# THIS IS AN AUTOGENERATED FILE. DO NOT EDIT THIS FILE DIRECTLY.
# yarn lockfile v1


esm@^3.0.72:
  version "3.0.72"
  resolved "http://registry.npm.taobao.org/esm/download/esm-3.0.72.tgz#8f71b3f54b978bbbcbb9788f7f3569a36578c136"

is-callable@^1.1.4:
  version "1.1.4"
  resolved "http://registry.npm.taobao.org/is-callable/download/is-callable-1.1.4.tgz#1e1adf219e1eeb684d691f9d6a05ff0d30a24d75"
